
Microsoft Visual Studio Solution File, Format Version 12.00
# Visual Studio Version 16
VisualStudioVersion = 16.0.31129.286
MinimumVisualStudioVersion = 10.0.40219.1
Project("{FAE04EC0-301F-11D3-BF4B-00C04F79EFBC}") = "HSTUTU_Féléves2", "HSTUTU_Féléves2\HSTUTU_Féléves2.csproj", "{ED6211D2-09C0-4A34-898D-0D3514603454}"
EndProject
Global
	GlobalSection(SolutionConfigurationPlatforms) = preSolution
		Debug|Any CPU = Debug|Any CPU
		Release|Any CPU = Release|Any CPU
	EndGlobalSection
	GlobalSection(ProjectConfigurationPlatforms) = postSolution
		{ED6211D2-09C0-4A34-898D-0D3514603454}.Debug|Any CPU.ActiveCfg = Debug|Any CPU
		{ED6211D2-09C0-4A34-898D-0D3514603454}.Debug|Any CPU.Build.0 = Debug|Any CPU
		{ED6211D2-09C0-4A34-898D-0D3514603454}.Release|Any CPU.ActiveCfg = Release|Any CPU
		{ED6211D2-09C0-4A34-898D-0D3514603454}.Release|Any CPU.Build.0 = Release|Any CPU
	EndGlobalSection
	GlobalSection(SolutionProperties) = preSolution
		HideSolutionNode = FALSE
	EndGlobalSection
	GlobalSection(ExtensibilityGlobals) = postSolution
		SolutionGuid = {08ADC75F-650A-4968-93B4-0D69E1E6D395}
	EndGlobalSection
EndGlobal
